// !$*UTF8*$!
{
	archiveVersion = 1;
	classes = {
	};
	objectVersion = 50;
	objects = {

/* Begin PBXBuildFile section */
		A0864973216316B70031EC03 /* AppDelegate.swift in Sources */ = {isa = PBXBuildFile; fileRef = A0864972216316B70031EC03 /* AppDelegate.swift */; };
		A0864975216316B70031EC03 /* ViewController.swift in Sources */ = {isa = PBXBuildFile; fileRef = A0864974216316B70031EC03 /* ViewController.swift */; };
		A086497A216316B80031EC03 /* Assets.xcassets in Resources */ = {isa = PBXBuildFile; fileRef = A0864979216316B80031EC03 /* Assets.xcassets */; };
		A086497D216316B80031EC03 /* LaunchScreen.storyboard in Resources */ = {isa = PBXBuildFile; fileRef = A086497B216316B80031EC03 /* LaunchScreen.storyboard */; };
		A0864985216317180031EC03 /* Book.swift in Sources */ = {isa = PBXBuildFile; fileRef = A0864984216317180031EC03 /* Book.swift */; };
		A0864987216317FA0031EC03 /* Page.swift in Sources */ = {isa = PBXBuildFile; fileRef = A0864986216317FA0031EC03 /* Page.swift */; };
		A086CA4E21666D4E00D0C83E /* BookCell.swift in Sources */ = {isa = PBXBuildFile; fileRef = A086CA4D21666D4E00D0C83E /* BookCell.swift */; };
		A0E9B415216BB52000685C04 /* BookPagerController.swift in Sources */ = {isa = PBXBuildFile; fileRef = A0E9B414216BB52000685C04 /* BookPagerController.swift */; };
		A0E9B418216BBC0D00685C04 /* PageCell.swift in Sources */ = {isa = PBXBuildFile; fileRef = A0E9B417216BBC0D00685C04 /* PageCell.swift */; };
/* End PBXBuildFile section */

/* Begin PBXFileReference section */
		A086496F216316B70031EC03 /* Kindle-Basic-Training.app */ = {isa = PBXFileReference; explicitFileType = wrapper.application; includeInIndex = 0; path = "Kindle-Basic-Training.app"; sourceTree = BUILT_PRODUCTS_DIR; };
		A0864972216316B70031EC03 /* AppDelegate.swift */ = {isa = PBXFileReference; lastKnownFileType = sourcecode.swift; path = AppDelegate.swift; sourceTree = "<group>"; };
		A0864974216316B70031EC03 /* ViewController.swift */ = {isa = PBXFileReference; lastKnownFileType = sourcecode.swift; path = ViewController.swift; sourceTree = "<group>"; };
		A0864979216316B80031EC03 /* Assets.xcassets */ = {isa = PBXFileReference; lastKnownFileType = folder.assetcatalog; path = Assets.xcassets; sourceTree = "<group>"; };
		A086497C216316B80031EC03 /* Base */ = {isa = PBXFileReference; lastKnownFileType = file.storyboard; name = Base; path = Base.lproj/LaunchScreen.storyboard; sourceTree = "<group>"; };
		A086497E216316B80031EC03 /* Info.plist */ = {isa = PBXFileReference; lastKnownFileType = text.plist.xml; path = Info.plist; sourceTree = "<group>"; };
		A0864984216317180031EC03 /* Book.swift */ = {isa = PBXFileReference; lastKnownFileType = sourcecode.swift; path = Book.swift; sourceTree = "<group>"; };
		A0864986216317FA0031EC03 /* Page.swift */ = {isa = PBXFileReference; lastKnownFileType = sourcecode.swift; path = Page.swift; sourceTree = "<group>"; };
		A086CA4D21666D4E00D0C83E /* BookCell.swift */ = {isa = PBXFileReference; lastKnownFileType = sourcecode.swift; path = BookCell.swift; sourceTree = "<group>"; };
		A0E9B414216BB52000685C04 /* BookPagerController.swift */ = {isa = PBXFileReference; lastKnownFileType = sourcecode.swift; path = BookPagerController.swift; sourceTree = "<group>"; };
		A0E9B417216BBC0D00685C04 /* PageCell.swift */ = {isa = PBXFileReference; lastKnownFileType = sourcecode.swift; path = PageCell.swift; sourceTree = "<group>"; };
/* End PBXFileReference section */

/* Begin PBXFrameworksBuildPhase section */
		A086496C216316B70031EC03 /* Frameworks */ = {
			isa = PBXFrameworksBuildPhase;
			buildActionMask = 2147483647;
			files = (
			);
			runOnlyForDeploymentPostprocessing = 0;
		};
/* End PBXFrameworksBuildPhase section */

/* Begin PBXGroup section */
		A06CB5D42167C1160070893C /* Controller */ = {
			isa = PBXGroup;
			children = (
				A0864974216316B70031EC03 /* ViewController.swift */,
				A0E9B414216BB52000685C04 /* BookPagerController.swift */,
			);
			path = Controller;
			sourceTree = "<group>";
		};
		A0864966216316B70031EC03 = {
			isa = PBXGroup;
			children = (
				A0864971216316B70031EC03 /* Kindle-Basic-Training */,
				A0864970216316B70031EC03 /* Products */,
			);
			sourceTree = "<group>";
		};
		A0864970216316B70031EC03 /* Products */ = {
			isa = PBXGroup;
			children = (
				A086496F216316B70031EC03 /* Kindle-Basic-Training.app */,
			);
			name = Products;
			sourceTree = "<group>";
		};
		A0864971216316B70031EC03 /* Kindle-Basic-Training */ = {
			isa = PBXGroup;
			children = (
				A086CA4C216668EB00D0C83E /* Model */,
				A0E9B416216BBBE300685C04 /* View */,
				A06CB5D42167C1160070893C /* Controller */,
				A0864972216316B70031EC03 /* AppDelegate.swift */,
				A0864979216316B80031EC03 /* Assets.xcassets */,
				A086497B216316B80031EC03 /* LaunchScreen.storyboard */,
				A086497E216316B80031EC03 /* Info.plist */,
			);
			path = "Kindle-Basic-Training";
			sourceTree = "<group>";
		};
		A086CA4C216668EB00D0C83E /* Model */ = {
			isa = PBXGroup;
			children = (
				A0864986216317FA0031EC03 /* Page.swift */,
				A0864984216317180031EC03 /* Book.swift */,
			);
			path = Model;
			sourceTree = "<group>";
		};
		A0E9B416216BBBE300685C04 /* View */ = {
			isa = PBXGroup;
			children = (
				A086CA4D21666D4E00D0C83E /* BookCell.swift */,
				A0E9B417216BBC0D00685C04 /* PageCell.swift */,
			);
			path = View;
			sourceTree = "<group>";
		};
/* End PBXGroup section */

/* Begin PBXNativeTarget section */
		A086496E216316B70031EC03 /* Kindle-Basic-Training */ = {
			isa = PBXNativeTarget;
			buildConfigurationList = A0864981216316B80031EC03 /* Build configuration list for PBXNativeTarget "Kindle-Basic-Training" */;
			buildPhases = (
				A086496B216316B70031EC03 /* Sources */,
				A086496C216316B70031EC03 /* Frameworks */,
				A086496D216316B70031EC03 /* Resources */,
			);
			buildRules = (
			);
			dependencies = (
			);
			name = "Kindle-Basic-Training";
			productName = "Kindle-Basic-Training";
			productReference = A086496F216316B70031EC03 /* Kindle-Basic-Training.app */;
			productType = "com.apple.product-type.application";
		};
/* End PBXNativeTarget section */

/* Begin PBXProject section */
		A0864967216316B70031EC03 /* Project object */ = {
			isa = PBXProject;
			attributes = {
				LastSwiftUpdateCheck = 1000;
				LastUpgradeCheck = 1000;
				ORGANIZATIONNAME = "Felix Lin";
				TargetAttributes = {
					A086496E216316B70031EC03 = {
						CreatedOnToolsVersion = 10.0;
					};
				};
			};
			buildConfigurationList = A086496A216316B70031EC03 /* Build configuration list for PBXProject "Kindle-Basic-Training" */;
			compatibilityVersion = "Xcode 9.3";
			developmentRegion = en;
			hasScannedForEncodings = 0;
			knownRegions = (
				en,
				Base,
			);
			mainGroup = A0864966216316B70031EC03;
			productRefGroup = A0864970216316B70031EC03 /* Products */;
			projectDirPath = "";
			projectRoot = "";
			targets = (
				A086496E216316B70031EC03 /* Kindle-Basic-Training */,
			);
		};
/* End PBXProject section */

/* Begin PBXResourcesBuildPhase section */
		A086496D216316B70031EC03 /* Resources */ = {
			isa = PBXResourcesBuildPhase;
			buildActionMask = 2147483647;
			files = (
				A086497D216316B80031EC03 /* LaunchScreen.storyboard in Resources */,
				A086497A216316B80031EC03 /* Assets.xcassets in Resources */,
			);
			runOnlyForDeploymentPostprocessing = 0;
		};
/* End PBXResourcesBuildPhase section */

/* Begin PBXSourcesBuildPhase section */
		A086496B216316B70031EC03 /* Sources */ = {
			isa = PBXSourcesBuildPhase;
			buildActionMask = 2147483647;
			files = (
				A0E9B415216BB52000685C04 /* BookPagerController.swift in Sources */,
				A0864975216316B70031EC03 /* ViewController.swift in Sources */,
				A0864973216316B70031EC03 /* AppDelegate.swift in Sources */,
				A0864987216317FA0031EC03 /* Page.swift in Sources */,
				A0864985216317180031EC03 /* Book.swift in Sources */,
				A086CA4E21666D4E00D0C83E /* BookCell.swift in Sources */,
				A0E9B418216BBC0D00685C04 /* PageCell.swift in Sources */,
			);
			runOnlyForDeploymentPostprocessing = 0;
		};
/* End PBXSourcesBuildPhase section */

/* Begin PBXVariantGroup section */
		A086497B216316B80031EC03 /* LaunchScreen.storyboard */ = {
			isa = PBXVariantGroup;
			children = (
				A086497C216316B80031EC03 /* Base */,
			);
			name = LaunchScreen.storyboard;
			sourceTree = "<group>";
		};
/* End PBXVariantGroup section */

/* Begin XCBuildConfiguration section */
		A086497F216316B80031EC03 /* Debug */ = {
			isa = XCBuildConfiguration;
			buildSettings = {
				ALWAYS_SEARCH_USER_PATHS = NO;
				CLANG_ANALYZER_NONNULL = YES;
				CLANG_ANALYZER_NUMBER_OBJECT_CONVERSION = YES_AGGRESSIVE;
				CLANG_CXX_LANGUAGE_STANDARD = "gnu++14";
				CLANG_CXX_LIBRARY = "libc++";
				CLANG_ENABLE_MODULES = YES;
				CLANG_ENABLE_OBJC_ARC = YES;
				CLANG_ENABLE_OBJC_WEAK = YES;
				CLANG_WARN_BLOCK_CAPTURE_AUTORELEASING = YES;
				CLANG_WARN_BOOL_CONVERSION = YES;
				CLANG_WARN_COMMA = YES;
				CLANG_WARN_CONSTANT_CONVERSION = YES;
				CLANG_WARN_DEPRECATED_OBJC_IMPLEMENTATIONS = YES;
				CLANG_WARN_DIRECT_OBJC_ISA_USAGE = YES_ERROR;
				CLANG_WARN_DOCUMENTATION_COMMENTS = YES;
				CLANG_WARN_EMPTY_BODY = YES;
				CLANG_WARN_ENUM_CONVERSION = YES;
				CLANG_WARN_INFINITE_RECURSION = YES;
				CLANG_WARN_INT_CONVERSION = YES;
				CLANG_WARN_NON_LITERAL_NULL_CONVERSION = YES;
				CLANG_WARN_OBJC_IMPLICIT_RETAIN_SELF = YES;
				CLANG_WARN_OBJC_LITERAL_CONVERSION = YES;
				CLANG_WARN_OBJC_ROOT_CLASS = YES_ERROR;
				CLANG_WARN_RANGE_LOOP_ANALYSIS = YES;
				CLANG_WARN_STRICT_PROTOTYPES = YES;
				CLANG_WARN_SUSPICIOUS_MOVE = YES;
				CLANG_WARN_UNGUARDED_AVAILABILITY = YES_AGGRESSIVE;
				CLANG_WARN_UNREACHABLE_CODE = YES;
				CLANG_WARN__DUPLICATE_METHOD_MATCH = YES;
				CODE_SIGN_IDENTITY = "iPhone Developer";
				COPY_PHASE_STRIP = NO;
				DEBUG_INFORMATION_FORMAT = dwarf;
				ENABLE_STRICT_OBJC_MSGSEND = YES;
				ENABLE_TESTABILITY = YES;
				GCC_C_LANGUAGE_STANDARD = gnu11;
				GCC_DYNAMIC_NO_PIC = NO;
				GCC_NO_COMMON_BLOCKS = YES;
				GCC_OPTIMIZATION_LEVEL = 0;
				GCC_PREPROCESSOR_DEFINITIONS = (
					"DEBUG=1",
					"$(inherited)",
				);
				GCC_WARN_64_TO_32_BIT_CONVERSION = YES;
				GCC_WARN_ABOUT_RETURN_TYPE = YES_ERROR;
				GCC_WARN_UNDECLARED_SELECTOR = YES;
				GCC_WARN_UNINITIALIZED_AUTOS = YES_AGGRESSIVE;
				GCC_WARN_UNUSED_FUNCTION = YES;
				GCC_WARN_UNUSED_VARIABLE = YES;
				IPHONEOS_DEPLOYMENT_TARGET = 12.0;
				MTL_ENABLE_DEBUG_INFO = INCLUDE_SOURCE;
				MTL_FAST_MATH = YES;
				ONLY_ACTIVE_ARCH = YES;
				SDKROOT = iphoneos;
				SWIFT_ACTIVE_COMPILATION_CONDITIONS = DEBUG;
				SWIFT_OPTIMIZATION_LEVEL = "-Onone";
			};
			name = Debug;
		};
		A0864980216316B80031EC03 /* Release */ = {
			isa = XCBuildConfiguration;
			buildSettings = {
				ALWAYS_SEARCH_USER_PATHS = NO;
				CLANG_ANALYZER_NONNULL = YES;
				CLANG_ANALYZER_NUMBER_OBJECT_CONVERSION = YES_AGGRESSIVE;
				CLANG_CXX_LANGUAGE_STANDARD = "gnu++14";
				CLANG_CXX_LIBRARY = "libc++";
				CLANG_ENABLE_MODULES = YES;
				CLANG_ENABLE_OBJC_ARC = YES;
				CLANG_ENABLE_OBJC_WEAK = YES;
				CLANG_WARN_BLOCK_CAPTURE_AUTORELEASING = YES;
				CLANG_WARN_BOOL_CONVERSION = YES;
				CLANG_WARN_COMMA = YES;
				CLANG_WARN_CONSTANT_CONVERSION = YES;
				CLANG_WARN_DEPRECATED_OBJC_IMPLEMENTATIONS = YES;
				CLANG_WARN_DIRECT_OBJC_ISA_USAGE = YES_ERROR;
				CLANG_WARN_DOCUMENTATION_COMMENTS = YES;
				CLANG_WARN_EMPTY_BODY = YES;
				CLANG_WARN_ENUM_CONVERSION = YES;
				CLANG_WARN_INFINITE_RECURSION = YES;
				CLANG_WARN_INT_CONVERSION = YES;
				CLANG_WARN_NON_LITERAL_NULL_CONVERSION = YES;
				CLANG_WARN_OBJC_IMPLICIT_RETAIN_SELF = YES;
				CLANG_WARN_OBJC_LITERAL_CONVERSION = YES;
				CLANG_WARN_OBJC_ROOT_CLASS = YES_ERROR;
				CLANG_WARN_RANGE_LOOP_ANALYSIS = YES;
				CLANG_WARN_STRICT_PROTOTYPES = YES;
				CLANG_WARN_SUSPICIOUS_MOVE = YES;
				CLANG_WARN_UNGUARDED_AVAILABILITY = YES_AGGRESSIVE;
				CLANG_WARN_UNREACHABLE_CODE = YES;
				CLANG_WARN__DUPLICATE_METHOD_MATCH = YES;
				CODE_SIGN_IDENTITY = "iPhone Developer";
				COPY_PHASE_STRIP = NO;
				DEBUG_INFORMATION_FORMAT = "dwarf-with-dsym";
				ENABLE_NS_ASSERTIONS = NO;
				ENABLE_STRICT_OBJC_MSGSEND = YES;
				GCC_C_LANGUAGE_STANDARD = gnu11;
				GCC_NO_COMMON_BLOCKS = YES;
				GCC_WARN_64_TO_32_BIT_CONVERSION = YES;
				GCC_WARN_ABOUT_RETURN_TYPE = YES_ERROR;
				GCC_WARN_UNDECLARED_SELECTOR = YES;
				GCC_WARN_UNINITIALIZED_AUTOS = YES_AGGRESSIVE;
				GCC_WARN_UNUSED_FUNCTION = YES;
				GCC_WARN_UNUSED_VARIABLE = YES;
				IPHONEOS_DEPLOYMENT_TARGET = 12.0;
				MTL_ENABLE_DEBUG_INFO = NO;
				MTL_FAST_MATH = YES;
				SDKROOT = iphoneos;
				SWIFT_COMPILATION_MODE = wholemodule;
				SWIFT_OPTIMIZATION_LEVEL = "-O";
				VALIDATE_PRODUCT = YES;
			};
			name = Release;
		};
		A0864982216316B80031EC03 /* Debug */ = {
			isa = XCBuildConfiguration;
			buildSettings = {
				ASSETCATALOG_COMPILER_APPICON_NAME = AppIcon;
				CODE_SIGN_STYLE = Automatic;
				DEVELOPMENT_TEAM = MVGPSPVTNC;
				INFOPLIST_FILE = "Kindle-Basic-Training/Info.plist";
				LD_RUNPATH_SEARCH_PATHS = (
					"$(inherited)",
					"@executable_path/Frameworks",
				);
				PRODUCT_BUNDLE_IDENTIFIER = "com.felix.Kindle-Basic-Training";
				PRODUCT_NAME = "$(TARGET_NAME)";
				SWIFT_VERSION = 4.2;
				TARGETED_DEVICE_FAMILY = "1,2";
			};
			name = Debug;
		};
		A0864983216316B80031EC03 /* Release */ = {
			isa = XCBuildConfiguration;
			buildSettings = {
				ASSETCATALOG_COMPILER_APPICON_NAME = AppIcon;
				CODE_SIGN_STYLE = Automatic;
				DEVELOPMENT_TEAM = MVGPSPVTNC;
				INFOPLIST_FILE = "Kindle-Basic-Training/Info.plist";
				LD_RUNPATH_SEARCH_PATHS = (
					"$(inherited)",
					"@executable_path/Frameworks",
				);
				PRODUCT_BUNDLE_IDENTIFIER = "com.felix.Kindle-Basic-Training";
				PRODUCT_NAME = "$(TARGET_NAME)";
				SWIFT_VERSION = 4.2;
				TARGETED_DEVICE_FAMILY = "1,2";
			};
			name = Release;
		};
/* End XCBuildConfiguration section */

/* Begin XCConfigurationList section */
		A086496A216316B70031EC03 /* Build configuration list for PBXProject "Kindle-Basic-Training" */ = {
			isa = XCConfigurationList;
			buildConfigurations = (
				A086497F216316B80031EC03 /* Debug */,
				A0864980216316B80031EC03 /* Release */,
			);
			defaultConfigurationIsVisible = 0;
			defaultConfigurationName = Release;
		};
		A0864981216316B80031EC03 /* Build configuration list for PBXNativeTarget "Kindle-Basic-Training" */ = {
			isa = XCConfigurationList;
			buildConfigurations = (
				A0864982216316B80031EC03 /* Debug */,
				A0864983216316B80031EC03 /* Release */,
			);
			defaultConfigurationIsVisible = 0;
			defaultConfigurationName = Release;
		};
/* End XCConfigurationList section */
	};
	rootObject = A0864967216316B70031EC03 /* Project object */;
}
